// !$*UTF8*$!
{
	archiveVersion = 1;
	classes = {
	};
	objectVersion = 55;
	objects = {

/* Begin PBXBuildFile section */
		588F549127D799DD00701F85 /* AdaptiveUIApp.swift in Sources */ = {isa = PBXBuildFile; fileRef = 588F549027D799DD00701F85 /* AdaptiveUIApp.swift */; };
		588F549327D799DD00701F85 /* ContentView.swift in Sources */ = {isa = PBXBuildFile; fileRef = 588F549227D799DD00701F85 /* ContentView.swift */; };
		588F549527D799DE00701F85 /* Assets.xcassets in Resources */ = {isa = PBXBuildFile; fileRef = 588F549427D799DE00701F85 /* Assets.xcassets */; };
		588F549827D799DE00701F85 /* Preview Assets.xcassets in Resources */ = {isa = PBXBuildFile; fileRef = 588F549727D799DE00701F85 /* Preview Assets.xcassets */; };
		588F54A127D79A3D00701F85 /* User.swift in Sources */ = {isa = PBXBuildFile; fileRef = 588F54A027D79A3D00701F85 /* User.swift */; };
		588F54A327D79C6600701F85 /* Home.swift in Sources */ = {isa = PBXBuildFile; fileRef = 588F54A227D79C6600701F85 /* Home.swift */; };
		588F54A527D79CA500701F85 /* ResponsiveView.swift in Sources */ = {isa = PBXBuildFile; fileRef = 588F54A427D79CA500701F85 /* ResponsiveView.swift */; };
/* End PBXBuildFile section */

/* Begin PBXFileReference section */
		588F548D27D799DD00701F85 /* AdaptiveUI.app */ = {isa = PBXFileReference; explicitFileType = wrapper.application; includeInIndex = 0; path = AdaptiveUI.app; sourceTree = BUILT_PRODUCTS_DIR; };
		588F549027D799DD00701F85 /* AdaptiveUIApp.swift */ = {isa = PBXFileReference; lastKnownFileType = sourcecode.swift; path = AdaptiveUIApp.swift; sourceTree = "<group>"; };
		588F549227D799DD00701F85 /* ContentView.swift */ = {isa = PBXFileReference; lastKnownFileType = sourcecode.swift; path = ContentView.swift; sourceTree = "<group>"; };
		588F549427D799DE00701F85 /* Assets.xcassets */ = {isa = PBXFileReference; lastKnownFileType = folder.assetcatalog; path = Assets.xcassets; sourceTree = "<group>"; };
		588F549727D799DE00701F85 /* Preview Assets.xcassets */ = {isa = PBXFileReference; lastKnownFileType = folder.assetcatalog; path = "Preview Assets.xcassets"; sourceTree = "<group>"; };
		588F54A027D79A3D00701F85 /* User.swift */ = {isa = PBXFileReference; lastKnownFileType = sourcecode.swift; path = User.swift; sourceTree = "<group>"; };
		588F54A227D79C6600701F85 /* Home.swift */ = {isa = PBXFileReference; lastKnownFileType = sourcecode.swift; path = Home.swift; sourceTree = "<group>"; };
		588F54A427D79CA500701F85 /* ResponsiveView.swift */ = {isa = PBXFileReference; lastKnownFileType = sourcecode.swift; path = ResponsiveView.swift; sourceTree = "<group>"; };
/* End PBXFileReference section */

/* Begin PBXFrameworksBuildPhase section */
		588F548A27D799DD00701F85 /* Frameworks */ = {
			isa = PBXFrameworksBuildPhase;
			buildActionMask = 2147483647;
			files = (
			);
			runOnlyForDeploymentPostprocessing = 0;
		};
/* End PBXFrameworksBuildPhase section */

/* Begin PBXGroup section */
		588F548427D799DD00701F85 = {
			isa = PBXGroup;
			children = (
				588F548F27D799DD00701F85 /* AdaptiveUI */,
				588F548E27D799DD00701F85 /* Products */,
			);
			sourceTree = "<group>";
		};
		588F548E27D799DD00701F85 /* Products */ = {
			isa = PBXGroup;
			children = (
				588F548D27D799DD00701F85 /* AdaptiveUI.app */,
			);
			name = Products;
			sourceTree = "<group>";
		};
		588F548F27D799DD00701F85 /* AdaptiveUI */ = {
			isa = PBXGroup;
			children = (
				588F549F27D79A2200701F85 /* Model */,
				588F549E27D79A1A00701F85 /* View */,
				588F549027D799DD00701F85 /* AdaptiveUIApp.swift */,
				588F549227D799DD00701F85 /* ContentView.swift */,
				588F549427D799DE00701F85 /* Assets.xcassets */,
				588F549627D799DE00701F85 /* Preview Content */,
			);
			path = AdaptiveUI;
			sourceTree = "<group>";
		};
		588F549627D799DE00701F85 /* Preview Content */ = {
			isa = PBXGroup;
			children = (
				588F549727D799DE00701F85 /* Preview Assets.xcassets */,
			);
			path = "Preview Content";
			sourceTree = "<group>";
		};
		588F549E27D79A1A00701F85 /* View */ = {
			isa = PBXGroup;
			children = (
				588F54A227D79C6600701F85 /* Home.swift */,
				588F54A427D79CA500701F85 /* ResponsiveView.swift */,
			);
			path = View;
			sourceTree = "<group>";
		};
		588F549F27D79A2200701F85 /* Model */ = {
			isa = PBXGroup;
			children = (
				588F54A027D79A3D00701F85 /* User.swift */,
			);
			path = Model;
			sourceTree = "<group>";
		};
/* End PBXGroup section */

/* Begin PBXNativeTarget section */
		588F548C27D799DD00701F85 /* AdaptiveUI */ = {
			isa = PBXNativeTarget;
			buildConfigurationList = 588F549B27D799DE00701F85 /* Build configuration list for PBXNativeTarget "AdaptiveUI" */;
			buildPhases = (
				588F548927D799DD00701F85 /* Sources */,
				588F548A27D799DD00701F85 /* Frameworks */,
				588F548B27D799DD00701F85 /* Resources */,
			);
			buildRules = (
			);
			dependencies = (
			);
			name = AdaptiveUI;
			productName = AdaptiveUI;
			productReference = 588F548D27D799DD00701F85 /* AdaptiveUI.app */;
			productType = "com.apple.product-type.application";
		};
/* End PBXNativeTarget section */

/* Begin PBXProject section */
		588F548527D799DD00701F85 /* Project object */ = {
			isa = PBXProject;
			attributes = {
				BuildIndependentTargetsInParallel = 1;
				LastSwiftUpdateCheck = 1320;
				LastUpgradeCheck = 1320;
				TargetAttributes = {
					588F548C27D799DD00701F85 = {
						CreatedOnToolsVersion = 13.2.1;
					};
				};
			};
			buildConfigurationList = 588F548827D799DD00701F85 /* Build configuration list for PBXProject "AdaptiveUI" */;
			compatibilityVersion = "Xcode 13.0";
			developmentRegion = en;
			hasScannedForEncodings = 0;
			knownRegions = (
				en,
				Base,
			);
			mainGroup = 588F548427D799DD00701F85;
			productRefGroup = 588F548E27D799DD00701F85 /* Products */;
			projectDirPath = "";
			projectRoot = "";
			targets = (
				588F548C27D799DD00701F85 /* AdaptiveUI */,
			);
		};
/* End PBXProject section */

/* Begin PBXResourcesBuildPhase section */
		588F548B27D799DD00701F85 /* Resources */ = {
			isa = PBXResourcesBuildPhase;
			buildActionMask = 2147483647;
			files = (
				588F549827D799DE00701F85 /* Preview Assets.xcassets in Resources */,
				588F549527D799DE00701F85 /* Assets.xcassets in Resources */,
			);
			runOnlyForDeploymentPostprocessing = 0;
		};
/* End PBXResourcesBuildPhase section */

/* Begin PBXSourcesBuildPhase section */
		588F548927D799DD00701F85 /* Sources */ = {
			isa = PBXSourcesBuildPhase;
			buildActionMask = 2147483647;
			files = (
				588F549327D799DD00701F85 /* ContentView.swift in Sources */,
				588F549127D799DD00701F85 /* AdaptiveUIApp.swift in Sources */,
				588F54A327D79C6600701F85 /* Home.swift in Sources */,
				588F54A527D79CA500701F85 /* ResponsiveView.swift in Sources */,
				588F54A127D79A3D00701F85 /* User.swift in Sources */,
			);
			runOnlyForDeploymentPostprocessing = 0;
		};
/* End PBXSourcesBuildPhase section */

/* Begin XCBuildConfiguration section */
		588F549927D799DE00701F85 /* Debug */ = {
			isa = XCBuildConfiguration;
			buildSettings = {
				ALWAYS_SEARCH_USER_PATHS = NO;
				CLANG_ANALYZER_NONNULL = YES;
				CLANG_ANALYZER_NUMBER_OBJECT_CONVERSION = YES_AGGRESSIVE;
				CLANG_CXX_LANGUAGE_STANDARD = "gnu++17";
				CLANG_CXX_LIBRARY = "libc++";
				CLANG_ENABLE_MODULES = YES;
				CLANG_ENABLE_OBJC_ARC = YES;
				CLANG_ENABLE_OBJC_WEAK = YES;
				CLANG_WARN_BLOCK_CAPTURE_AUTORELEASING = YES;
				CLANG_WARN_BOOL_CONVERSION = YES;
				CLANG_WARN_COMMA = YES;
				CLANG_WARN_CONSTANT_CONVERSION = YES;
				CLANG_WARN_DEPRECATED_OBJC_IMPLEMENTATIONS = YES;
				CLANG_WARN_DIRECT_OBJC_ISA_USAGE = YES_ERROR;
				CLANG_WARN_DOCUMENTATION_COMMENTS = YES;
				CLANG_WARN_EMPTY_BODY = YES;
				CLANG_WARN_ENUM_CONVERSION = YES;
				CLANG_WARN_INFINITE_RECURSION = YES;
				CLANG_WARN_INT_CONVERSION = YES;
				CLANG_WARN_NON_LITERAL_NULL_CONVERSION = YES;
				CLANG_WARN_OBJC_IMPLICIT_RETAIN_SELF = YES;
				CLANG_WARN_OBJC_LITERAL_CONVERSION = YES;
				CLANG_WARN_OBJC_ROOT_CLASS = YES_ERROR;
				CLANG_WARN_QUOTED_INCLUDE_IN_FRAMEWORK_HEADER = YES;
				CLANG_WARN_RANGE_LOOP_ANALYSIS = YES;
				CLANG_WARN_STRICT_PROTOTYPES = YES;
				CLANG_WARN_SUSPICIOUS_MOVE = YES;
				CLANG_WARN_UNGUARDED_AVAILABILITY = YES_AGGRESSIVE;
				CLANG_WARN_UNREACHABLE_CODE = YES;
				CLANG_WARN__DUPLICATE_METHOD_MATCH = YES;
				COPY_PHASE_STRIP = NO;
				DEBUG_INFORMATION_FORMAT = dwarf;
				ENABLE_STRICT_OBJC_MSGSEND = YES;
				ENABLE_TESTABILITY = YES;
				GCC_C_LANGUAGE_STANDARD = gnu11;
				GCC_DYNAMIC_NO_PIC = NO;
				GCC_NO_COMMON_BLOCKS = YES;
				GCC_OPTIMIZATION_LEVEL = 0;
				GCC_PREPROCESSOR_DEFINITIONS = (
					"DEBUG=1",
					"$(inherited)",
				);
				GCC_WARN_64_TO_32_BIT_CONVERSION = YES;
				GCC_WARN_ABOUT_RETURN_TYPE = YES_ERROR;
				GCC_WARN_UNDECLARED_SELECTOR = YES;
				GCC_WARN_UNINITIALIZED_AUTOS = YES_AGGRESSIVE;
				GCC_WARN_UNUSED_FUNCTION = YES;
				GCC_WARN_UNUSED_VARIABLE = YES;
				IPHONEOS_DEPLOYMENT_TARGET = 15.2;
				MTL_ENABLE_DEBUG_INFO = INCLUDE_SOURCE;
				MTL_FAST_MATH = YES;
				ONLY_ACTIVE_ARCH = YES;
				SDKROOT = iphoneos;
				SWIFT_ACTIVE_COMPILATION_CONDITIONS = DEBUG;
				SWIFT_OPTIMIZATION_LEVEL = "-Onone";
			};
			name = Debug;
		};
		588F549A27D799DE00701F85 /* Release */ = {
			isa = XCBuildConfiguration;
			buildSettings = {
				ALWAYS_SEARCH_USER_PATHS = NO;
				CLANG_ANALYZER_NONNULL = YES;
				CLANG_ANALYZER_NUMBER_OBJECT_CONVERSION = YES_AGGRESSIVE;
				CLANG_CXX_LANGUAGE_STANDARD = "gnu++17";
				CLANG_CXX_LIBRARY = "libc++";
				CLANG_ENABLE_MODULES = YES;
				CLANG_ENABLE_OBJC_ARC = YES;
				CLANG_ENABLE_OBJC_WEAK = YES;
				CLANG_WARN_BLOCK_CAPTURE_AUTORELEASING = YES;
				CLANG_WARN_BOOL_CONVERSION = YES;
				CLANG_WARN_COMMA = YES;
				CLANG_WARN_CONSTANT_CONVERSION = YES;
				CLANG_WARN_DEPRECATED_OBJC_IMPLEMENTATIONS = YES;
				CLANG_WARN_DIRECT_OBJC_ISA_USAGE = YES_ERROR;
				CLANG_WARN_DOCUMENTATION_COMMENTS = YES;
				CLANG_WARN_EMPTY_BODY = YES;
				CLANG_WARN_ENUM_CONVERSION = YES;
				CLANG_WARN_INFINITE_RECURSION = YES;
				CLANG_WARN_INT_CONVERSION = YES;
				CLANG_WARN_NON_LITERAL_NULL_CONVERSION = YES;
				CLANG_WARN_OBJC_IMPLICIT_RETAIN_SELF = YES;
				CLANG_WARN_OBJC_LITERAL_CONVERSION = YES;
				CLANG_WARN_OBJC_ROOT_CLASS = YES_ERROR;
				CLANG_WARN_QUOTED_INCLUDE_IN_FRAMEWORK_HEADER = YES;
				CLANG_WARN_RANGE_LOOP_ANALYSIS = YES;
				CLANG_WARN_STRICT_PROTOTYPES = YES;
				CLANG_WARN_SUSPICIOUS_MOVE = YES;
				CLANG_WARN_UNGUARDED_AVAILABILITY = YES_AGGRESSIVE;
				CLANG_WARN_UNREACHABLE_CODE = YES;
				CLANG_WARN__DUPLICATE_METHOD_MATCH = YES;
				COPY_PHASE_STRIP = NO;
				DEBUG_INFORMATION_FORMAT = "dwarf-with-dsym";
				ENABLE_NS_ASSERTIONS = NO;
				ENABLE_STRICT_OBJC_MSGSEND = YES;
				GCC_C_LANGUAGE_STANDARD = gnu11;
				GCC_NO_COMMON_BLOCKS = YES;
				GCC_WARN_64_TO_32_BIT_CONVERSION = YES;
				GCC_WARN_ABOUT_RETURN_TYPE = YES_ERROR;
				GCC_WARN_UNDECLARED_SELECTOR = YES;
				GCC_WARN_UNINITIALIZED_AUTOS = YES_AGGRESSIVE;
				GCC_WARN_UNUSED_FUNCTION = YES;
				GCC_WARN_UNUSED_VARIABLE = YES;
				IPHONEOS_DEPLOYMENT_TARGET = 15.2;
				MTL_ENABLE_DEBUG_INFO = NO;
				MTL_FAST_MATH = YES;
				SDKROOT = iphoneos;
				SWIFT_COMPILATION_MODE = wholemodule;
				SWIFT_OPTIMIZATION_LEVEL = "-O";
				VALIDATE_PRODUCT = YES;
			};
			name = Release;
		};
		588F549C27D799DE00701F85 /* Debug */ = {
			isa = XCBuildConfiguration;
			buildSettings = {
				ASSETCATALOG_COMPILER_APPICON_NAME = AppIcon;
				ASSETCATALOG_COMPILER_GLOBAL_ACCENT_COLOR_NAME = AccentColor;
				CODE_SIGN_STYLE = Automatic;
				CURRENT_PROJECT_VERSION = 1;
				DEVELOPMENT_ASSET_PATHS = "\"AdaptiveUI/Preview Content\"";
				DEVELOPMENT_TEAM = L5N89ZQYBM;
				ENABLE_PREVIEWS = YES;
				GENERATE_INFOPLIST_FILE = YES;
				INFOPLIST_KEY_UIApplicationSceneManifest_Generation = YES;
				INFOPLIST_KEY_UIApplicationSupportsIndirectInputEvents = YES;
				INFOPLIST_KEY_UILaunchScreen_Generation = YES;
				INFOPLIST_KEY_UISupportedInterfaceOrientations_iPad = "UIInterfaceOrientationPortrait UIInterfaceOrientationPortraitUpsideDown UIInterfaceOrientationLandscapeLeft UIInterfaceOrientationLandscapeRight";
				INFOPLIST_KEY_UISupportedInterfaceOrientations_iPhone = "UIInterfaceOrientationPortrait UIInterfaceOrientationLandscapeLeft UIInterfaceOrientationLandscapeRight";
				LD_RUNPATH_SEARCH_PATHS = (
					"$(inherited)",
					"@executable_path/Frameworks",
				);
				MARKETING_VERSION = 1.0;
				PRODUCT_BUNDLE_IDENTIFIER = vk.com.south.russian.AdaptiveUI;
				PRODUCT_NAME = "$(TARGET_NAME)";
				SWIFT_EMIT_LOC_STRINGS = YES;
				SWIFT_VERSION = 5.0;
				TARGETED_DEVICE_FAMILY = "1,2";
			};
			name = Debug;
		};
		588F549D27D799DE00701F85 /* Release */ = {
			isa = XCBuildConfiguration;
			buildSettings = {
				ASSETCATALOG_COMPILER_APPICON_NAME = AppIcon;
				ASSETCATALOG_COMPILER_GLOBAL_ACCENT_COLOR_NAME = AccentColor;
				CODE_SIGN_STYLE = Automatic;
				CURRENT_PROJECT_VERSION = 1;
				DEVELOPMENT_ASSET_PATHS = "\"AdaptiveUI/Preview Content\"";
				DEVELOPMENT_TEAM = L5N89ZQYBM;
				ENABLE_PREVIEWS = YES;
				GENERATE_INFOPLIST_FILE = YES;
				INFOPLIST_KEY_UIApplicationSceneManifest_Generation = YES;
				INFOPLIST_KEY_UIApplicationSupportsIndirectInputEvents = YES;
				INFOPLIST_KEY_UILaunchScreen_Generation = YES;
				INFOPLIST_KEY_UISupportedInterfaceOrientations_iPad = "UIInterfaceOrientationPortrait UIInterfaceOrientationPortraitUpsideDown UIInterfaceOrientationLandscapeLeft UIInterfaceOrientationLandscapeRight";
				INFOPLIST_KEY_UISupportedInterfaceOrientations_iPhone = "UIInterfaceOrientationPortrait UIInterfaceOrientationLandscapeLeft UIInterfaceOrientationLandscapeRight";
				LD_RUNPATH_SEARCH_PATHS = (
					"$(inherited)",
					"@executable_path/Frameworks",
				);
				MARKETING_VERSION = 1.0;
				PRODUCT_BUNDLE_IDENTIFIER = vk.com.south.russian.AdaptiveUI;
				PRODUCT_NAME = "$(TARGET_NAME)";
				SWIFT_EMIT_LOC_STRINGS = YES;
				SWIFT_VERSION = 5.0;
				TARGETED_DEVICE_FAMILY = "1,2";
			};
			name = Release;
		};
/* End XCBuildConfiguration section */

/* Begin XCConfigurationList section */
		588F548827D799DD00701F85 /* Build configuration list for PBXProject "AdaptiveUI" */ = {
			isa = XCConfigurationList;
			buildConfigurations = (
				588F549927D799DE00701F85 /* Debug */,
				588F549A27D799DE00701F85 /* Release */,
			);
			defaultConfigurationIsVisible = 0;
			defaultConfigurationName = Release;
		};
		588F549B27D799DE00701F85 /* Build configuration list for PBXNativeTarget "AdaptiveUI" */ = {
			isa = XCConfigurationList;
			buildConfigurations = (
				588F549C27D799DE00701F85 /* Debug */,
				588F549D27D799DE00701F85 /* Release */,
			);
			defaultConfigurationIsVisible = 0;
			defaultConfigurationName = Release;
		};
/* End XCConfigurationList section */
	};
	rootObject = 588F548527D799DD00701F85 /* Project object */;
}
